
Microsoft Visual Studio Solution File, Format Version 12.00
# Visual Studio 15
VisualStudioVersion = 15.0.28010.2048
MinimumVisualStudioVersion = 10.0.40219.1
Project("{2150E333-8FDC-42A3-9474-1A3956D46DE8}") = "src", "src", "{1D92C7C8-FB58-4520-8961-F957E1E521D9}"
EndProject
Project("{FAE04EC0-301F-11D3-BF4B-00C04F79EFBC}") = "IdentityServer.Authorizer", "src\IdentityServer.Authorizer\IdentityServer.Authorizer.csproj", "{61C85BF9-0EB0-4D3F-9D78-0210DB10E0AC}"
EndProject
Project("{2150E333-8FDC-42A3-9474-1A3956D46DE8}") = "apis", "apis", "{9F40238F-DB21-4545-ACE6-612A62589B5E}"
EndProject
Project("{2150E333-8FDC-42A3-9474-1A3956D46DE8}") = "clients", "clients", "{AEAD57B8-79F1-4E2B-9226-2A9763ABC7F6}"
EndProject
Project("{FAE04EC0-301F-11D3-BF4B-00C04F79EFBC}") = "IdentityServer.Apis.One", "IdentityServer.Apis.One\IdentityServer.Apis.One.csproj", "{AD19FF43-E5E2-470D-8AC7-43AEB0265150}"
EndProject
Global
	GlobalSection(SolutionConfigurationPlatforms) = preSolution
		Debug|Any CPU = Debug|Any CPU
		Release|Any CPU = Release|Any CPU
	EndGlobalSection
	GlobalSection(ProjectConfigurationPlatforms) = postSolution
		{61C85BF9-0EB0-4D3F-9D78-0210DB10E0AC}.Debug|Any CPU.ActiveCfg = Debug|Any CPU
		{61C85BF9-0EB0-4D3F-9D78-0210DB10E0AC}.Debug|Any CPU.Build.0 = Debug|Any CPU
		{61C85BF9-0EB0-4D3F-9D78-0210DB10E0AC}.Release|Any CPU.ActiveCfg = Release|Any CPU
		{61C85BF9-0EB0-4D3F-9D78-0210DB10E0AC}.Release|Any CPU.Build.0 = Release|Any CPU
		{AD19FF43-E5E2-470D-8AC7-43AEB0265150}.Debug|Any CPU.ActiveCfg = Debug|Any CPU
		{AD19FF43-E5E2-470D-8AC7-43AEB0265150}.Debug|Any CPU.Build.0 = Debug|Any CPU
		{AD19FF43-E5E2-470D-8AC7-43AEB0265150}.Release|Any CPU.ActiveCfg = Release|Any CPU
		{AD19FF43-E5E2-470D-8AC7-43AEB0265150}.Release|Any CPU.Build.0 = Release|Any CPU
	EndGlobalSection
	GlobalSection(SolutionProperties) = preSolution
		HideSolutionNode = FALSE
	EndGlobalSection
	GlobalSection(NestedProjects) = preSolution
		{61C85BF9-0EB0-4D3F-9D78-0210DB10E0AC} = {1D92C7C8-FB58-4520-8961-F957E1E521D9}
		{9F40238F-DB21-4545-ACE6-612A62589B5E} = {1D92C7C8-FB58-4520-8961-F957E1E521D9}
		{AEAD57B8-79F1-4E2B-9226-2A9763ABC7F6} = {1D92C7C8-FB58-4520-8961-F957E1E521D9}
		{AD19FF43-E5E2-470D-8AC7-43AEB0265150} = {9F40238F-DB21-4545-ACE6-612A62589B5E}
	EndGlobalSection
	GlobalSection(ExtensibilityGlobals) = postSolution
		SolutionGuid = {66B8A50E-87A6-4602-B3E8-962840D377B7}
	EndGlobalSection
EndGlobal
