
Microsoft Visual Studio Solution File, Format Version 12.00
# Visual Studio Version 16
VisualStudioVersion = 16.0.29411.108
MinimumVisualStudioVersion = 10.0.40219.1
Project("{2150E333-8FDC-42A3-9474-1A3956D46DE8}") = "src", "src", "{1D92C7C8-FB58-4520-8961-F957E1E521D9}"
EndProject
Project("{2150E333-8FDC-42A3-9474-1A3956D46DE8}") = "apis", "apis", "{9F40238F-DB21-4545-ACE6-612A62589B5E}"
EndProject
Project("{2150E333-8FDC-42A3-9474-1A3956D46DE8}") = "clients", "clients", "{AEAD57B8-79F1-4E2B-9226-2A9763ABC7F6}"
EndProject
Project("{9A19103F-16F7-4668-BE54-9A1E7A4F7556}") = "IdentityServer.Apis.One", "src\IdentityServer.Apis.One\IdentityServer.Apis.One.csproj", "{AD19FF43-E5E2-470D-8AC7-43AEB0265150}"
EndProject
Project("{9A19103F-16F7-4668-BE54-9A1E7A4F7556}") = "IdentityServer.Clients.ConsoleOne", "src\IdentityServer.Clients.ConsoleOne\IdentityServer.Clients.ConsoleOne.csproj", "{9AAF5565-14B5-4576-88DC-5E2B044D4850}"
EndProject
Project("{2150E333-8FDC-42A3-9474-1A3956D46DE8}") = "servers", "servers", "{AC8E4A10-D902-4188-AA38-214A79D12C99}"
EndProject
Project("{9A19103F-16F7-4668-BE54-9A1E7A4F7556}") = "IdentityServer.Authorizer", "src\IdentityServer.Authorizer\IdentityServer.Authorizer.csproj", "{6B82DBCF-8A90-4006-A213-4301EDC483CA}"
EndProject
Global
	GlobalSection(SolutionConfigurationPlatforms) = preSolution
		Debug|Any CPU = Debug|Any CPU
		Release|Any CPU = Release|Any CPU
	EndGlobalSection
	GlobalSection(ProjectConfigurationPlatforms) = postSolution
		{AD19FF43-E5E2-470D-8AC7-43AEB0265150}.Debug|Any CPU.ActiveCfg = Debug|Any CPU
		{AD19FF43-E5E2-470D-8AC7-43AEB0265150}.Debug|Any CPU.Build.0 = Debug|Any CPU
		{AD19FF43-E5E2-470D-8AC7-43AEB0265150}.Release|Any CPU.ActiveCfg = Release|Any CPU
		{AD19FF43-E5E2-470D-8AC7-43AEB0265150}.Release|Any CPU.Build.0 = Release|Any CPU
		{9AAF5565-14B5-4576-88DC-5E2B044D4850}.Debug|Any CPU.ActiveCfg = Debug|Any CPU
		{9AAF5565-14B5-4576-88DC-5E2B044D4850}.Debug|Any CPU.Build.0 = Debug|Any CPU
		{9AAF5565-14B5-4576-88DC-5E2B044D4850}.Release|Any CPU.ActiveCfg = Release|Any CPU
		{9AAF5565-14B5-4576-88DC-5E2B044D4850}.Release|Any CPU.Build.0 = Release|Any CPU
		{6B82DBCF-8A90-4006-A213-4301EDC483CA}.Debug|Any CPU.ActiveCfg = Debug|Any CPU
		{6B82DBCF-8A90-4006-A213-4301EDC483CA}.Debug|Any CPU.Build.0 = Debug|Any CPU
		{6B82DBCF-8A90-4006-A213-4301EDC483CA}.Release|Any CPU.ActiveCfg = Release|Any CPU
		{6B82DBCF-8A90-4006-A213-4301EDC483CA}.Release|Any CPU.Build.0 = Release|Any CPU
	EndGlobalSection
	GlobalSection(SolutionProperties) = preSolution
		HideSolutionNode = FALSE
	EndGlobalSection
	GlobalSection(NestedProjects) = preSolution
		{9F40238F-DB21-4545-ACE6-612A62589B5E} = {1D92C7C8-FB58-4520-8961-F957E1E521D9}
		{AEAD57B8-79F1-4E2B-9226-2A9763ABC7F6} = {1D92C7C8-FB58-4520-8961-F957E1E521D9}
		{AD19FF43-E5E2-470D-8AC7-43AEB0265150} = {9F40238F-DB21-4545-ACE6-612A62589B5E}
		{9AAF5565-14B5-4576-88DC-5E2B044D4850} = {AEAD57B8-79F1-4E2B-9226-2A9763ABC7F6}
		{AC8E4A10-D902-4188-AA38-214A79D12C99} = {1D92C7C8-FB58-4520-8961-F957E1E521D9}
		{6B82DBCF-8A90-4006-A213-4301EDC483CA} = {AC8E4A10-D902-4188-AA38-214A79D12C99}
	EndGlobalSection
	GlobalSection(ExtensibilityGlobals) = postSolution
		SolutionGuid = {66B8A50E-87A6-4602-B3E8-962840D377B7}
	EndGlobalSection
EndGlobal
